
Microsoft Visual Studio Solution File, Format Version 12.00
# Visual Studio Version 17
VisualStudioVersion = 17.11.35327.3
MinimumVisualStudioVersion = 10.0.40219.1
Project("{FAE04EC0-301F-11D3-BF4B-00C04F79EFBC}") = "MoniterChecker", "MoniterChecker\MoniterChecker.csproj", "{D6619A9F-DBCE-4858-BE6D-1DE0A895E63B}"
EndProject
Global
	GlobalSection(SolutionConfigurationPlatforms) = preSolution
		Debug|Any CPU = Debug|Any CPU
		Release|Any CPU = Release|Any CPU
	EndGlobalSection
	GlobalSection(ProjectConfigurationPlatforms) = postSolution
		{D6619A9F-DBCE-4858-BE6D-1DE0A895E63B}.Debug|Any CPU.ActiveCfg = Debug|Any CPU
		{D6619A9F-DBCE-4858-BE6D-1DE0A895E63B}.Debug|Any CPU.Build.0 = Debug|Any CPU
		{D6619A9F-DBCE-4858-BE6D-1DE0A895E63B}.Release|Any CPU.ActiveCfg = Release|Any CPU
		{D6619A9F-DBCE-4858-BE6D-1DE0A895E63B}.Release|Any CPU.Build.0 = Release|Any CPU
	EndGlobalSection
	GlobalSection(SolutionProperties) = preSolution
		HideSolutionNode = FALSE
	EndGlobalSection
	GlobalSection(ExtensibilityGlobals) = postSolution
		SolutionGuid = {C5BDB186-D297-4EAA-AFFD-E3454B54DE95}
	EndGlobalSection
EndGlobal
